[[package]]
name = "fastapi"
version = "0.115.0"
description = ""
optional = false
python-versions = ">=3.8"
files = []

[[package]]
name = "uvicorn"
version = "0.30.6"
description = ""
optional = false
python-versions = ">=3.8"
files = []

[[package]]
name = "pydantic"
version = "2.9.2"
description = ""
optional = false
python-versions = ">=3.8"
files = []

[[package]]
name = "pydantic-settings"
version = "2.5.2"
description = ""
optional = false
python-versions = ">=3.8"
files = []

[[package]]
name = "asyncpg"
version = "0.29.0"
description = ""
optional = false
python-versions = ">=3.8"
files = []

[[package]]
name = "redis"
version = "5.1.1"
description = ""
optional = false
python-versions = ">=3.8"
files = []

[[package]]
name = "pytest"
version = "8.3.3"
description = ""
optional = false
python-versions = ">=3.8"
files = []

[[package]]
name = "httpx"
version = "0.27.2"
description = ""
optional = false
python-versions = ">=3.8"
files = []

[metadata]
lock-version = "2.0"
python-versions = "^3.12"
content-hash = "df0b44df536b81548143f8f45a3c04e10bff14a8e64d7406d59a4e0f551c2f5a"
